# Generated by buf. DO NOT EDIT.
version: v2
deps:
  - name: buf.build/bufbuild/protovalidate
    commit: 511051f7f4374c3ca873b53ae68a9288
    digest: b5:a4a2d4d808a25984cced60769c822c5d496ef0b740f56ac0c9e6b97aaa25b86a9332a00ffd74e0cd202be29e91bd3edfb0bf2ba4dacfe48ff2d8217f9986e3c8
  - name: buf.build/googleapis/googleapis
    commit: c17df5b2beca46928cc87d5656bd5343
    digest: b5:648a01e0170d4512dea7d564016165decd1ed6e34bef79fe54753e51ad7e27545709ad9157d7551270147d551155c595a2fb0bf5bb33b1c83040ddbce915c604
  - name: buf.build/protocolbuffers/wellknowntypes
    commit: f1151727eddb493abf82a1d919dc35e4
    digest: b5:e05c29a4347e1ef07cb978e9ece8a44c59c8cb6ff31884cd632f88266f81baaba7a67bcfc6ac52d8caada7f77faf2d37683af0d69755ef52d9f1288cd1fd5d93
